
Microsoft Visual Studio Solution File, Format Version 12.00
# Visual Studio 15
VisualStudioVersion = 15.0.26730.15
MinimumVisualStudioVersion = 10.0.40219.1
Project("{FAE04EC0-301F-11D3-BF4B-00C04F79EFBC}") = "Lab1", "Lab1\Lab1.csproj", "{127FEBE5-D332-4FC9-BFB5-015BCB126253}"
EndProject
Global
	GlobalSection(SolutionConfigurationPlatforms) = preSolution
		Debug|Any CPU = Debug|Any CPU
		Release|Any CPU = Release|Any CPU
	EndGlobalSection
	GlobalSection(ProjectConfigurationPlatforms) = postSolution
		{127FEBE5-D332-4FC9-BFB5-015BCB126253}.Debug|Any CPU.ActiveCfg = Debug|Any CPU
		{127FEBE5-D332-4FC9-BFB5-015BCB126253}.Debug|Any CPU.Build.0 = Debug|Any CPU
		{127FEBE5-D332-4FC9-BFB5-015BCB126253}.Release|Any CPU.ActiveCfg = Release|Any CPU
		{127FEBE5-D332-4FC9-BFB5-015BCB126253}.Release|Any CPU.Build.0 = Release|Any CPU
	EndGlobalSection
	GlobalSection(SolutionProperties) = preSolution
		HideSolutionNode = FALSE
	EndGlobalSection
	GlobalSection(ExtensibilityGlobals) = postSolution
		SolutionGuid = {91215FC9-1BF8-4538-8C52-C647244667A6}
	EndGlobalSection
EndGlobal
